// !$*UTF8*$!
{
	archiveVersion = 1;
	classes = {
	};
	objectVersion = 50;
	objects = {

/* Begin PBXBuildFile section */
		D01F773923885BEA0089B78E /* AppDelegate.swift in Sources */ = {isa = PBXBuildFile; fileRef = D01F773823885BEA0089B78E /* AppDelegate.swift */; };
		D01F773B23885BEA0089B78E /* SceneDelegate.swift in Sources */ = {isa = PBXBuildFile; fileRef = D01F773A23885BEA0089B78E /* SceneDelegate.swift */; };
		D01F773D23885BEA0089B78E /* ContentView.swift in Sources */ = {isa = PBXBuildFile; fileRef = D01F773C23885BEA0089B78E /* ContentView.swift */; };
		D01F773F23885BEB0089B78E /* Assets.xcassets in Resources */ = {isa = PBXBuildFile; fileRef = D01F773E23885BEB0089B78E /* Assets.xcassets */; };
		D01F774223885BEB0089B78E /* Preview Assets.xcassets in Resources */ = {isa = PBXBuildFile; fileRef = D01F774123885BEB0089B78E /* Preview Assets.xcassets */; };
		D01F774523885BEB0089B78E /* LaunchScreen.storyboard in Resources */ = {isa = PBXBuildFile; fileRef = D01F774323885BEB0089B78E /* LaunchScreen.storyboard */; };
		D01F774E23885CAA0089B78E /* friendFace.json in Resources */ = {isa = PBXBuildFile; fileRef = D01F774C23885C740089B78E /* friendFace.json */; };
		D01F775023885D4B0089B78E /* Friend.swift in Sources */ = {isa = PBXBuildFile; fileRef = D01F774F23885D4B0089B78E /* Friend.swift */; };
		D01F775223885DB70089B78E /* Person.swift in Sources */ = {isa = PBXBuildFile; fileRef = D01F775123885DB70089B78E /* Person.swift */; };
		D01F775423885E6A0089B78E /* People.swift in Sources */ = {isa = PBXBuildFile; fileRef = D01F775323885E6A0089B78E /* People.swift */; };
		D01F775823885FDD0089B78E /* PeopleFetcher.swift in Sources */ = {isa = PBXBuildFile; fileRef = D01F775723885FDD0089B78E /* PeopleFetcher.swift */; };
		D01F775A23893FFA0089B78E /* PersonDetailView.swift in Sources */ = {isa = PBXBuildFile; fileRef = D01F775923893FFA0089B78E /* PersonDetailView.swift */; };
		D01F775D2389A62E0089B78E /* FriendFace.xcdatamodeld in Sources */ = {isa = PBXBuildFile; fileRef = D01F775B2389A62E0089B78E /* FriendFace.xcdatamodeld */; };
		D01F77642389AA5A0089B78E /* CDFriend+CoreDataClass.swift in Sources */ = {isa = PBXBuildFile; fileRef = D01F77602389AA5A0089B78E /* CDFriend+CoreDataClass.swift */; };
		D01F77652389AA5A0089B78E /* CDFriend+CoreDataProperties.swift in Sources */ = {isa = PBXBuildFile; fileRef = D01F77612389AA5A0089B78E /* CDFriend+CoreDataProperties.swift */; };
		D01F77662389AA5A0089B78E /* CDPerson+CoreDataClass.swift in Sources */ = {isa = PBXBuildFile; fileRef = D01F77622389AA5A0089B78E /* CDPerson+CoreDataClass.swift */; };
		D01F77672389AA5A0089B78E /* CDPerson+CoreDataProperties.swift in Sources */ = {isa = PBXBuildFile; fileRef = D01F77632389AA5A0089B78E /* CDPerson+CoreDataProperties.swift */; };
		D01F77692389B1950089B78E /* PeopleListView.swift in Sources */ = {isa = PBXBuildFile; fileRef = D01F77682389B1950089B78E /* PeopleListView.swift */; };
/* End PBXBuildFile section */

/* Begin PBXFileReference section */
		D01F773523885BEA0089B78E /* FriendFace.app */ = {isa = PBXFileReference; explicitFileType = wrapper.application; includeInIndex = 0; path = FriendFace.app; sourceTree = BUILT_PRODUCTS_DIR; };
		D01F773823885BEA0089B78E /* AppDelegate.swift */ = {isa = PBXFileReference; lastKnownFileType = sourcecode.swift; path = AppDelegate.swift; sourceTree = "<group>"; };
		D01F773A23885BEA0089B78E /* SceneDelegate.swift */ = {isa = PBXFileReference; lastKnownFileType = sourcecode.swift; path = SceneDelegate.swift; sourceTree = "<group>"; };
		D01F773C23885BEA0089B78E /* ContentView.swift */ = {isa = PBXFileReference; lastKnownFileType = sourcecode.swift; path = ContentView.swift; sourceTree = "<group>"; };
		D01F773E23885BEB0089B78E /* Assets.xcassets */ = {isa = PBXFileReference; lastKnownFileType = folder.assetcatalog; path = Assets.xcassets; sourceTree = "<group>"; };
		D01F774123885BEB0089B78E /* Preview Assets.xcassets */ = {isa = PBXFileReference; lastKnownFileType = folder.assetcatalog; path = "Preview Assets.xcassets"; sourceTree = "<group>"; };
		D01F774423885BEB0089B78E /* Base */ = {isa = PBXFileReference; lastKnownFileType = file.storyboard; name = Base; path = Base.lproj/LaunchScreen.storyboard; sourceTree = "<group>"; };
		D01F774623885BEB0089B78E /* Info.plist */ = {isa = PBXFileReference; lastKnownFileType = text.plist.xml; path = Info.plist; sourceTree = "<group>"; };
		D01F774C23885C740089B78E /* friendFace.json */ = {isa = PBXFileReference; lastKnownFileType = text.json; path = friendFace.json; sourceTree = "<group>"; };
		D01F774F23885D4B0089B78E /* Friend.swift */ = {isa = PBXFileReference; lastKnownFileType = sourcecode.swift; path = Friend.swift; sourceTree = "<group>"; };
		D01F775123885DB70089B78E /* Person.swift */ = {isa = PBXFileReference; lastKnownFileType = sourcecode.swift; path = Person.swift; sourceTree = "<group>"; };
		D01F775323885E6A0089B78E /* People.swift */ = {isa = PBXFileReference; lastKnownFileType = sourcecode.swift; path = People.swift; sourceTree = "<group>"; };
		D01F775723885FDD0089B78E /* PeopleFetcher.swift */ = {isa = PBXFileReference; fileEncoding = 4; lastKnownFileType = sourcecode.swift; path = PeopleFetcher.swift; sourceTree = "<group>"; };
		D01F775923893FFA0089B78E /* PersonDetailView.swift */ = {isa = PBXFileReference; lastKnownFileType = sourcecode.swift; path = PersonDetailView.swift; sourceTree = "<group>"; };
		D01F775C2389A62E0089B78E /* FriendFace.xcdatamodel */ = {isa = PBXFileReference; lastKnownFileType = wrapper.xcdatamodel; path = FriendFace.xcdatamodel; sourceTree = "<group>"; };
		D01F77602389AA5A0089B78E /* CDFriend+CoreDataClass.swift */ = {isa = PBXFileReference; lastKnownFileType = sourcecode.swift; path = "CDFriend+CoreDataClass.swift"; sourceTree = "<group>"; };
		D01F77612389AA5A0089B78E /* CDFriend+CoreDataProperties.swift */ = {isa = PBXFileReference; lastKnownFileType = sourcecode.swift; path = "CDFriend+CoreDataProperties.swift"; sourceTree = "<group>"; };
		D01F77622389AA5A0089B78E /* CDPerson+CoreDataClass.swift */ = {isa = PBXFileReference; lastKnownFileType = sourcecode.swift; path = "CDPerson+CoreDataClass.swift"; sourceTree = "<group>"; };
		D01F77632389AA5A0089B78E /* CDPerson+CoreDataProperties.swift */ = {isa = PBXFileReference; lastKnownFileType = sourcecode.swift; path = "CDPerson+CoreDataProperties.swift"; sourceTree = "<group>"; };
		D01F77682389B1950089B78E /* PeopleListView.swift */ = {isa = PBXFileReference; fileEncoding = 4; lastKnownFileType = sourcecode.swift; path = PeopleListView.swift; sourceTree = "<group>"; };
/* End PBXFileReference section */

/* Begin PBXFrameworksBuildPhase section */
		D01F773223885BEA0089B78E /* Frameworks */ = {
			isa = PBXFrameworksBuildPhase;
			buildActionMask = 2147483647;
			files = (
			);
			runOnlyForDeploymentPostprocessing = 0;
		};
/* End PBXFrameworksBuildPhase section */

/* Begin PBXGroup section */
		D01F772C23885BEA0089B78E = {
			isa = PBXGroup;
			children = (
				D01F773723885BEA0089B78E /* FriendFace */,
				D01F773623885BEA0089B78E /* Products */,
			);
			sourceTree = "<group>";
		};
		D01F773623885BEA0089B78E /* Products */ = {
			isa = PBXGroup;
			children = (
				D01F773523885BEA0089B78E /* FriendFace.app */,
			);
			name = Products;
			sourceTree = "<group>";
		};
		D01F773723885BEA0089B78E /* FriendFace */ = {
			isa = PBXGroup;
			children = (
				D01F77602389AA5A0089B78E /* CDFriend+CoreDataClass.swift */,
				D01F77612389AA5A0089B78E /* CDFriend+CoreDataProperties.swift */,
				D01F77622389AA5A0089B78E /* CDPerson+CoreDataClass.swift */,
				D01F77632389AA5A0089B78E /* CDPerson+CoreDataProperties.swift */,
				D01F773823885BEA0089B78E /* AppDelegate.swift */,
				D01F773A23885BEA0089B78E /* SceneDelegate.swift */,
				D01F773C23885BEA0089B78E /* ContentView.swift */,
				D01F77682389B1950089B78E /* PeopleListView.swift */,
				D01F775923893FFA0089B78E /* PersonDetailView.swift */,
				D01F774F23885D4B0089B78E /* Friend.swift */,
				D01F775123885DB70089B78E /* Person.swift */,
				D01F775323885E6A0089B78E /* People.swift */,
				D01F775723885FDD0089B78E /* PeopleFetcher.swift */,
				D01F773E23885BEB0089B78E /* Assets.xcassets */,
				D01F774323885BEB0089B78E /* LaunchScreen.storyboard */,
				D01F774623885BEB0089B78E /* Info.plist */,
				D01F774023885BEB0089B78E /* Preview Content */,
				D01F775B2389A62E0089B78E /* FriendFace.xcdatamodeld */,
			);
			path = FriendFace;
			sourceTree = "<group>";
		};
		D01F774023885BEB0089B78E /* Preview Content */ = {
			isa = PBXGroup;
			children = (
				D01F774123885BEB0089B78E /* Preview Assets.xcassets */,
				D01F774C23885C740089B78E /* friendFace.json */,
			);
			path = "Preview Content";
			sourceTree = "<group>";
		};
/* End PBXGroup section */

/* Begin PBXNativeTarget section */
		D01F773423885BEA0089B78E /* FriendFace */ = {
			isa = PBXNativeTarget;
			buildConfigurationList = D01F774923885BEB0089B78E /* Build configuration list for PBXNativeTarget "FriendFace" */;
			buildPhases = (
				D01F773123885BEA0089B78E /* Sources */,
				D01F773223885BEA0089B78E /* Frameworks */,
				D01F773323885BEA0089B78E /* Resources */,
			);
			buildRules = (
			);
			dependencies = (
			);
			name = FriendFace;
			productName = FriendFace;
			productReference = D01F773523885BEA0089B78E /* FriendFace.app */;
			productType = "com.apple.product-type.application";
		};
/* End PBXNativeTarget section */

/* Begin PBXProject section */
		D01F772D23885BEA0089B78E /* Project object */ = {
			isa = PBXProject;
			attributes = {
				LastSwiftUpdateCheck = 1110;
				LastUpgradeCheck = 1110;
				ORGANIZATIONNAME = "Peter Barclay";
				TargetAttributes = {
					D01F773423885BEA0089B78E = {
						CreatedOnToolsVersion = 11.1;
					};
				};
			};
			buildConfigurationList = D01F773023885BEA0089B78E /* Build configuration list for PBXProject "FriendFace" */;
			compatibilityVersion = "Xcode 9.3";
			developmentRegion = en;
			hasScannedForEncodings = 0;
			knownRegions = (
				en,
				Base,
			);
			mainGroup = D01F772C23885BEA0089B78E;
			productRefGroup = D01F773623885BEA0089B78E /* Products */;
			projectDirPath = "";
			projectRoot = "";
			targets = (
				D01F773423885BEA0089B78E /* FriendFace */,
			);
		};
/* End PBXProject section */

/* Begin PBXResourcesBuildPhase section */
		D01F773323885BEA0089B78E /* Resources */ = {
			isa = PBXResourcesBuildPhase;
			buildActionMask = 2147483647;
			files = (
				D01F774523885BEB0089B78E /* LaunchScreen.storyboard in Resources */,
				D01F774223885BEB0089B78E /* Preview Assets.xcassets in Resources */,
				D01F774E23885CAA0089B78E /* friendFace.json in Resources */,
				D01F773F23885BEB0089B78E /* Assets.xcassets in Resources */,
			);
			runOnlyForDeploymentPostprocessing = 0;
		};
/* End PBXResourcesBuildPhase section */

/* Begin PBXSourcesBuildPhase section */
		D01F773123885BEA0089B78E /* Sources */ = {
			isa = PBXSourcesBuildPhase;
			buildActionMask = 2147483647;
			files = (
				D01F775223885DB70089B78E /* Person.swift in Sources */,
				D01F77692389B1950089B78E /* PeopleListView.swift in Sources */,
				D01F77662389AA5A0089B78E /* CDPerson+CoreDataClass.swift in Sources */,
				D01F77672389AA5A0089B78E /* CDPerson+CoreDataProperties.swift in Sources */,
				D01F773923885BEA0089B78E /* AppDelegate.swift in Sources */,
				D01F773B23885BEA0089B78E /* SceneDelegate.swift in Sources */,
				D01F773D23885BEA0089B78E /* ContentView.swift in Sources */,
				D01F77642389AA5A0089B78E /* CDFriend+CoreDataClass.swift in Sources */,
				D01F77652389AA5A0089B78E /* CDFriend+CoreDataProperties.swift in Sources */,
				D01F775823885FDD0089B78E /* PeopleFetcher.swift in Sources */,
				D01F775423885E6A0089B78E /* People.swift in Sources */,
				D01F775D2389A62E0089B78E /* FriendFace.xcdatamodeld in Sources */,
				D01F775A23893FFA0089B78E /* PersonDetailView.swift in Sources */,
				D01F775023885D4B0089B78E /* Friend.swift in Sources */,
			);
			runOnlyForDeploymentPostprocessing = 0;
		};
/* End PBXSourcesBuildPhase section */

/* Begin PBXVariantGroup section */
		D01F774323885BEB0089B78E /* LaunchScreen.storyboard */ = {
			isa = PBXVariantGroup;
			children = (
				D01F774423885BEB0089B78E /* Base */,
			);
			name = LaunchScreen.storyboard;
			sourceTree = "<group>";
		};
/* End PBXVariantGroup section */

/* Begin XCBuildConfiguration section */
		D01F774723885BEB0089B78E /* Debug */ = {
			isa = XCBuildConfiguration;
			buildSettings = {
				ALWAYS_SEARCH_USER_PATHS = NO;
				CLANG_ANALYZER_NONNULL = YES;
				CLANG_ANALYZER_NUMBER_OBJECT_CONVERSION = YES_AGGRESSIVE;
				CLANG_CXX_LANGUAGE_STANDARD = "gnu++14";
				CLANG_CXX_LIBRARY = "libc++";
				CLANG_ENABLE_MODULES = YES;
				CLANG_ENABLE_OBJC_ARC = YES;
				CLANG_ENABLE_OBJC_WEAK = YES;
				CLANG_WARN_BLOCK_CAPTURE_AUTORELEASING = YES;
				CLANG_WARN_BOOL_CONVERSION = YES;
				CLANG_WARN_COMMA = YES;
				CLANG_WARN_CONSTANT_CONVERSION = YES;
				CLANG_WARN_DEPRECATED_OBJC_IMPLEMENTATIONS = YES;
				CLANG_WARN_DIRECT_OBJC_ISA_USAGE = YES_ERROR;
				CLANG_WARN_DOCUMENTATION_COMMENTS = YES;
				CLANG_WARN_EMPTY_BODY = YES;
				CLANG_WARN_ENUM_CONVERSION = YES;
				CLANG_WARN_INFINITE_RECURSION = YES;
				CLANG_WARN_INT_CONVERSION = YES;
				CLANG_WARN_NON_LITERAL_NULL_CONVERSION = YES;
				CLANG_WARN_OBJC_IMPLICIT_RETAIN_SELF = YES;
				CLANG_WARN_OBJC_LITERAL_CONVERSION = YES;
				CLANG_WARN_OBJC_ROOT_CLASS = YES_ERROR;
				CLANG_WARN_RANGE_LOOP_ANALYSIS = YES;
				CLANG_WARN_STRICT_PROTOTYPES = YES;
				CLANG_WARN_SUSPICIOUS_MOVE = YES;
				CLANG_WARN_UNGUARDED_AVAILABILITY = YES_AGGRESSIVE;
				CLANG_WARN_UNREACHABLE_CODE = YES;
				CLANG_WARN__DUPLICATE_METHOD_MATCH = YES;
				COPY_PHASE_STRIP = NO;
				DEBUG_INFORMATION_FORMAT = dwarf;
				ENABLE_STRICT_OBJC_MSGSEND = YES;
				ENABLE_TESTABILITY = YES;
				GCC_C_LANGUAGE_STANDARD = gnu11;
				GCC_DYNAMIC_NO_PIC = NO;
				GCC_NO_COMMON_BLOCKS = YES;
				GCC_OPTIMIZATION_LEVEL = 0;
				GCC_PREPROCESSOR_DEFINITIONS = (
					"DEBUG=1",
					"$(inherited)",
				);
				GCC_WARN_64_TO_32_BIT_CONVERSION = YES;
				GCC_WARN_ABOUT_RETURN_TYPE = YES_ERROR;
				GCC_WARN_UNDECLARED_SELECTOR = YES;
				GCC_WARN_UNINITIALIZED_AUTOS = YES_AGGRESSIVE;
				GCC_WARN_UNUSED_FUNCTION = YES;
				GCC_WARN_UNUSED_VARIABLE = YES;
				IPHONEOS_DEPLOYMENT_TARGET = 13.1;
				MTL_ENABLE_DEBUG_INFO = INCLUDE_SOURCE;
				MTL_FAST_MATH = YES;
				ONLY_ACTIVE_ARCH = YES;
				SDKROOT = iphoneos;
				SWIFT_ACTIVE_COMPILATION_CONDITIONS = DEBUG;
				SWIFT_OPTIMIZATION_LEVEL = "-Onone";
			};
			name = Debug;
		};
		D01F774823885BEB0089B78E /* Release */ = {
			isa = XCBuildConfiguration;
			buildSettings = {
				ALWAYS_SEARCH_USER_PATHS = NO;
				CLANG_ANALYZER_NONNULL = YES;
				CLANG_ANALYZER_NUMBER_OBJECT_CONVERSION = YES_AGGRESSIVE;
				CLANG_CXX_LANGUAGE_STANDARD = "gnu++14";
				CLANG_CXX_LIBRARY = "libc++";
				CLANG_ENABLE_MODULES = YES;
				CLANG_ENABLE_OBJC_ARC = YES;
				CLANG_ENABLE_OBJC_WEAK = YES;
				CLANG_WARN_BLOCK_CAPTURE_AUTORELEASING = YES;
				CLANG_WARN_BOOL_CONVERSION = YES;
				CLANG_WARN_COMMA = YES;
				CLANG_WARN_CONSTANT_CONVERSION = YES;
				CLANG_WARN_DEPRECATED_OBJC_IMPLEMENTATIONS = YES;
				CLANG_WARN_DIRECT_OBJC_ISA_USAGE = YES_ERROR;
				CLANG_WARN_DOCUMENTATION_COMMENTS = YES;
				CLANG_WARN_EMPTY_BODY = YES;
				CLANG_WARN_ENUM_CONVERSION = YES;
				CLANG_WARN_INFINITE_RECURSION = YES;
				CLANG_WARN_INT_CONVERSION = YES;
				CLANG_WARN_NON_LITERAL_NULL_CONVERSION = YES;
				CLANG_WARN_OBJC_IMPLICIT_RETAIN_SELF = YES;
				CLANG_WARN_OBJC_LITERAL_CONVERSION = YES;
				CLANG_WARN_OBJC_ROOT_CLASS = YES_ERROR;
				CLANG_WARN_RANGE_LOOP_ANALYSIS = YES;
				CLANG_WARN_STRICT_PROTOTYPES = YES;
				CLANG_WARN_SUSPICIOUS_MOVE = YES;
				CLANG_WARN_UNGUARDED_AVAILABILITY = YES_AGGRESSIVE;
				CLANG_WARN_UNREACHABLE_CODE = YES;
				CLANG_WARN__DUPLICATE_METHOD_MATCH = YES;
				COPY_PHASE_STRIP = NO;
				DEBUG_INFORMATION_FORMAT = "dwarf-with-dsym";
				ENABLE_NS_ASSERTIONS = NO;
				ENABLE_STRICT_OBJC_MSGSEND = YES;
				GCC_C_LANGUAGE_STANDARD = gnu11;
				GCC_NO_COMMON_BLOCKS = YES;
				GCC_WARN_64_TO_32_BIT_CONVERSION = YES;
				GCC_WARN_ABOUT_RETURN_TYPE = YES_ERROR;
				GCC_WARN_UNDECLARED_SELECTOR = YES;
				GCC_WARN_UNINITIALIZED_AUTOS = YES_AGGRESSIVE;
				GCC_WARN_UNUSED_FUNCTION = YES;
				GCC_WARN_UNUSED_VARIABLE = YES;
				IPHONEOS_DEPLOYMENT_TARGET = 13.1;
				MTL_ENABLE_DEBUG_INFO = NO;
				MTL_FAST_MATH = YES;
				SDKROOT = iphoneos;
				SWIFT_COMPILATION_MODE = wholemodule;
				SWIFT_OPTIMIZATION_LEVEL = "-O";
				VALIDATE_PRODUCT = YES;
			};
			name = Release;
		};
		D01F774A23885BEB0089B78E /* Debug */ = {
			isa = XCBuildConfiguration;
			buildSettings = {
				ASSETCATALOG_COMPILER_APPICON_NAME = AppIcon;
				CODE_SIGN_STYLE = Automatic;
				DEVELOPMENT_ASSET_PATHS = "\"FriendFace/Preview Content\"";
				DEVELOPMENT_TEAM = 89992W8CJ7;
				ENABLE_PREVIEWS = YES;
				INFOPLIST_FILE = FriendFace/Info.plist;
				LD_RUNPATH_SEARCH_PATHS = (
					"$(inherited)",
					"@executable_path/Frameworks",
				);
				PRODUCT_BUNDLE_IDENTIFIER = "peter-peter-barclay.com.FriendFace";
				PRODUCT_NAME = "$(TARGET_NAME)";
				SWIFT_VERSION = 5.0;
				TARGETED_DEVICE_FAMILY = "1,2";
			};
			name = Debug;
		};
		D01F774B23885BEB0089B78E /* Release */ = {
			isa = XCBuildConfiguration;
			buildSettings = {
				ASSETCATALOG_COMPILER_APPICON_NAME = AppIcon;
				CODE_SIGN_STYLE = Automatic;
				DEVELOPMENT_ASSET_PATHS = "\"FriendFace/Preview Content\"";
				DEVELOPMENT_TEAM = 89992W8CJ7;
				ENABLE_PREVIEWS = YES;
				INFOPLIST_FILE = FriendFace/Info.plist;
				LD_RUNPATH_SEARCH_PATHS = (
					"$(inherited)",
					"@executable_path/Frameworks",
				);
				PRODUCT_BUNDLE_IDENTIFIER = "peter-peter-barclay.com.FriendFace";
				PRODUCT_NAME = "$(TARGET_NAME)";
				SWIFT_VERSION = 5.0;
				TARGETED_DEVICE_FAMILY = "1,2";
			};
			name = Release;
		};
/* End XCBuildConfiguration section */

/* Begin XCConfigurationList section */
		D01F773023885BEA0089B78E /* Build configuration list for PBXProject "FriendFace" */ = {
			isa = XCConfigurationList;
			buildConfigurations = (
				D01F774723885BEB0089B78E /* Debug */,
				D01F774823885BEB0089B78E /* Release */,
			);
			defaultConfigurationIsVisible = 0;
			defaultConfigurationName = Release;
		};
		D01F774923885BEB0089B78E /* Build configuration list for PBXNativeTarget "FriendFace" */ = {
			isa = XCConfigurationList;
			buildConfigurations = (
				D01F774A23885BEB0089B78E /* Debug */,
				D01F774B23885BEB0089B78E /* Release */,
			);
			defaultConfigurationIsVisible = 0;
			defaultConfigurationName = Release;
		};
/* End XCConfigurationList section */

/* Begin XCVersionGroup section */
		D01F775B2389A62E0089B78E /* FriendFace.xcdatamodeld */ = {
			isa = XCVersionGroup;
			children = (
				D01F775C2389A62E0089B78E /* FriendFace.xcdatamodel */,
			);
			currentVersion = D01F775C2389A62E0089B78E /* FriendFace.xcdatamodel */;
			path = FriendFace.xcdatamodeld;
			sourceTree = "<group>";
			versionGroupType = wrapper.xcdatamodel;
		};
/* End XCVersionGroup section */
	};
	rootObject = D01F772D23885BEA0089B78E /* Project object */;
}
